
Microsoft Visual Studio Solution File, Format Version 12.00
# Visual Studio Version 16
VisualStudioVersion = 16.0.29230.47
MinimumVisualStudioVersion = 10.0.40219.1
Project("{FAE04EC0-301F-11D3-BF4B-00C04F79EFBC}") = "Assignment1_F19", "Assignment1_F19\Assignment1_F19.csproj", "{F0FA571E-2168-405A-B47E-18BFAB78741E}"
EndProject
Global
	GlobalSection(SolutionConfigurationPlatforms) = preSolution
		Debug|Any CPU = Debug|Any CPU
		Release|Any CPU = Release|Any CPU
	EndGlobalSection
	GlobalSection(ProjectConfigurationPlatforms) = postSolution
		{F0FA571E-2168-405A-B47E-18BFAB78741E}.Debug|Any CPU.ActiveCfg = Debug|Any CPU
		{F0FA571E-2168-405A-B47E-18BFAB78741E}.Debug|Any CPU.Build.0 = Debug|Any CPU
		{F0FA571E-2168-405A-B47E-18BFAB78741E}.Release|Any CPU.ActiveCfg = Release|Any CPU
		{F0FA571E-2168-405A-B47E-18BFAB78741E}.Release|Any CPU.Build.0 = Release|Any CPU
	EndGlobalSection
	GlobalSection(SolutionProperties) = preSolution
		HideSolutionNode = FALSE
	EndGlobalSection
	GlobalSection(ExtensibilityGlobals) = postSolution
		SolutionGuid = {23005CFC-0270-4387-8089-3F207BA02B73}
	EndGlobalSection
EndGlobal
